
Microsoft Visual Studio Solution File, Format Version 12.00
# Visual Studio Version 17
VisualStudioVersion = 17.0.32014.148
MinimumVisualStudioVersion = 10.0.40219.1
Project("{FAE04EC0-301F-11D3-BF4B-00C04F79EFBC}") = "heroku-demo", "heroku-demo.csproj", "{0402492D-9B8D-4BBE-88E4-11FF03A6017C}"
EndProject
Global
	GlobalSection(SolutionConfigurationPlatforms) = preSolution
		Debug|Any CPU = Debug|Any CPU
		Release|Any CPU = Release|Any CPU
	EndGlobalSection
	GlobalSection(ProjectConfigurationPlatforms) = postSolution
		{0402492D-9B8D-4BBE-88E4-11FF03A6017C}.Debug|Any CPU.ActiveCfg = Debug|Any CPU
		{0402492D-9B8D-4BBE-88E4-11FF03A6017C}.Debug|Any CPU.Build.0 = Debug|Any CPU
		{0402492D-9B8D-4BBE-88E4-11FF03A6017C}.Release|Any CPU.ActiveCfg = Release|Any CPU
		{0402492D-9B8D-4BBE-88E4-11FF03A6017C}.Release|Any CPU.Build.0 = Release|Any CPU
	EndGlobalSection
	GlobalSection(SolutionProperties) = preSolution
		HideSolutionNode = FALSE
	EndGlobalSection
	GlobalSection(ExtensibilityGlobals) = postSolution
		SolutionGuid = {17F92106-E87C-4FC3-B532-78CCEF11264E}
	EndGlobalSection
EndGlobal
